
Microsoft Visual Studio Solution File, Format Version 12.00
# Visual Studio Version 17
VisualStudioVersion = 17.8.34511.84
MinimumVisualStudioVersion = 10.0.40219.1
Project("{FAE04EC0-301F-11D3-BF4B-00C04F79EFBC}") = "WpfCustomControlLibrary1", "WpfCustomControlLibrary1\WpfCustomControlLibrary1.csproj", "{6FE4EE62-89BB-4082-BB99-E745617AA01A}"
EndProject
Global
	GlobalSection(SolutionConfigurationPlatforms) = preSolution
		Debug|Any CPU = Debug|Any CPU
		Release|Any CPU = Release|Any CPU
	EndGlobalSection
	GlobalSection(ProjectConfigurationPlatforms) = postSolution
		{6FE4EE62-89BB-4082-BB99-E745617AA01A}.Debug|Any CPU.ActiveCfg = Debug|Any CPU
		{6FE4EE62-89BB-4082-BB99-E745617AA01A}.Debug|Any CPU.Build.0 = Debug|Any CPU
		{6FE4EE62-89BB-4082-BB99-E745617AA01A}.Release|Any CPU.ActiveCfg = Release|Any CPU
		{6FE4EE62-89BB-4082-BB99-E745617AA01A}.Release|Any CPU.Build.0 = Release|Any CPU
	EndGlobalSection
	GlobalSection(SolutionProperties) = preSolution
		HideSolutionNode = FALSE
	EndGlobalSection
	GlobalSection(ExtensibilityGlobals) = postSolution
		SolutionGuid = {97A0196C-CA5A-421A-891B-CC2864292E86}
	EndGlobalSection
EndGlobal
